
Microsoft Visual Studio Solution File, Format Version 12.00
# Visual Studio Version 16
VisualStudioVersion = 16.0.28803.352
MinimumVisualStudioVersion = 10.0.40219.1
Project("{FAE04EC0-301F-11D3-BF4B-00C04F79EFBC}") = "IOT_SERVER", "IOT_SERVER.csproj", "{9AF5F8AD-078E-4C1A-B233-638068275202}"
EndProject
Project("{FAE04EC0-301F-11D3-BF4B-00C04F79EFBC}") = "Test", "..\Test\Test.csproj", "{66D0F0B2-D078-4318-A329-1BDE3CA7E878}"
EndProject
Global
	GlobalSection(SolutionConfigurationPlatforms) = preSolution
		Debug|Any CPU = Debug|Any CPU
		Release|Any CPU = Release|Any CPU
	EndGlobalSection
	GlobalSection(ProjectConfigurationPlatforms) = postSolution
		{9AF5F8AD-078E-4C1A-B233-638068275202}.Debug|Any CPU.ActiveCfg = Debug|Any CPU
		{9AF5F8AD-078E-4C1A-B233-638068275202}.Debug|Any CPU.Build.0 = Debug|Any CPU
		{9AF5F8AD-078E-4C1A-B233-638068275202}.Release|Any CPU.ActiveCfg = Release|Any CPU
		{9AF5F8AD-078E-4C1A-B233-638068275202}.Release|Any CPU.Build.0 = Release|Any CPU
		{66D0F0B2-D078-4318-A329-1BDE3CA7E878}.Debug|Any CPU.ActiveCfg = Debug|Any CPU
		{66D0F0B2-D078-4318-A329-1BDE3CA7E878}.Debug|Any CPU.Build.0 = Debug|Any CPU
		{66D0F0B2-D078-4318-A329-1BDE3CA7E878}.Release|Any CPU.ActiveCfg = Release|Any CPU
		{66D0F0B2-D078-4318-A329-1BDE3CA7E878}.Release|Any CPU.Build.0 = Release|Any CPU
	EndGlobalSection
	GlobalSection(SolutionProperties) = preSolution
		HideSolutionNode = FALSE
	EndGlobalSection
	GlobalSection(ExtensibilityGlobals) = postSolution
		SolutionGuid = {63A521C1-89AE-4D16-8815-6DBE43AF89A5}
	EndGlobalSection
EndGlobal
